
Microsoft Visual Studio Solution File, Format Version 12.00
# Visual Studio Version 16
VisualStudioVersion = 16.0.31205.134
MinimumVisualStudioVersion = 10.0.40219.1
Project("{FAE04EC0-301F-11D3-BF4B-00C04F79EFBC}") = "EFProject", "EFProject\EFProject.csproj", "{21A2FD6A-00E6-4E2E-827D-13CEA1067EF6}"
EndProject
Global
	GlobalSection(SolutionConfigurationPlatforms) = preSolution
		Debug|Any CPU = Debug|Any CPU
		Release|Any CPU = Release|Any CPU
	EndGlobalSection
	GlobalSection(ProjectConfigurationPlatforms) = postSolution
		{21A2FD6A-00E6-4E2E-827D-13CEA1067EF6}.Debug|Any CPU.ActiveCfg = Debug|Any CPU
		{21A2FD6A-00E6-4E2E-827D-13CEA1067EF6}.Debug|Any CPU.Build.0 = Debug|Any CPU
		{21A2FD6A-00E6-4E2E-827D-13CEA1067EF6}.Release|Any CPU.ActiveCfg = Release|Any CPU
		{21A2FD6A-00E6-4E2E-827D-13CEA1067EF6}.Release|Any CPU.Build.0 = Release|Any CPU
	EndGlobalSection
	GlobalSection(SolutionProperties) = preSolution
		HideSolutionNode = FALSE
	EndGlobalSection
	GlobalSection(ExtensibilityGlobals) = postSolution
		SolutionGuid = {D31C6D73-8EC6-4D59-A8E9-8269C535C765}
	EndGlobalSection
EndGlobal
